<?xml version="1.0" encoding="utf-8"?>
<Project ToolsVersion="4.0" xmlns="http://schemas.microsoft.com/developer/msbuild/2003">
  <ItemGroup>
    <Filter Include="Source Files">
      <UniqueIdentifier>{4FC737F1-C7A5-4376-A066-2A32D752A2FF}</UniqueIdentifier>
      <Extensions>cpp;c;cc;cxx;def;odl;idl;hpj;bat;asm;asmx</Extensions>
    </Filter>
    <Filter Include="Header Files">
      <UniqueIdentifier>{93995380-89BD-4b04-88EB-625FBE52EBFB}</UniqueIdentifier>
      <Extensions>h;hpp;hxx;hm;inl;inc;xsd</Extensions>
    </Filter>
    <Filter Include="Resource Files">
      <UniqueIdentifier>{67DA6AB6-F800-4c08-8B7A-83BB121AAD01}</UniqueIdentifier>
      <Extensions>rc;ico;cur;bmp;dlg;rc2;rct;bin;rgs;gif;jpg;jpeg;jpe;resx;tiff;tif;png;wav;mfcribbon-ms</Extensions>
    </Filter>
    <Filter Include="Header Files\BMP">
      <UniqueIdentifier>{5a3ad66a-2826-4691-9499-1eeefe9cbd9e}</UniqueIdentifier>
    </Filter>
    <Filter Include="Header Files\Voxel">
      <UniqueIdentifier>{524edfd2-b0e0-4a8b-9fe6-481ba869748d}</UniqueIdentifier>
    </Filter>
    <Filter Include="Resource Files\old">
      <UniqueIdentifier>{717307e0-eeb9-4915-99d7-b2e43d0e2ab5}</UniqueIdentifier>
    </Filter>
    <Filter Include="Resource Files\new">
      <UniqueIdentifier>{f026f952-16a2-4088-9a8c-7188961729c7}</UniqueIdentifier>
    </Filter>
    <Filter Include="Resource Files\Mine">
      <UniqueIdentifier>{53eaf099-239c-4c18-adfb-6bc551107aa5}</UniqueIdentifier>
    </Filter>
    <Filter Include="Resource Files\oldShader">
      <UniqueIdentifier>{b77267d7-a0c0-46e1-9380-912bea367e1e}</UniqueIdentifier>
    </Filter>
    <Filter Include="Resource Files\18ConfigFiles">
      <UniqueIdentifier>{a10e15e0-fb2f-47a5-8fe8-30ae14791221}</UniqueIdentifier>
    </Filter>
  </ItemGroup>
  <ItemGroup>
    <ClInclude Include="VolumetricRendering.h">
      <Filter>Header Files</Filter>
    </ClInclude>
    <ClInclude Include="Camera.h">
      <Filter>Header Files</Filter>
    </ClInclude>
    <ClInclude Include="VoxelBuffer.h">
      <Filter>Header Files\Voxel</Filter>
    </ClInclude>
    <ClInclude Include="EasyBMP.h">
      <Filter>Header Files\BMP</Filter>
    </ClInclude>
    <ClInclude Include="EasyBMP_BMP.h">
      <Filter>Header Files\BMP</Filter>
    </ClInclude>
    <ClInclude Include="EasyBMP_DataStructures.h">
      <Filter>Header Files\BMP</Filter>
    </ClInclude>
    <ClInclude Include="EasyBMP_VariousBMPutilities.h">
      <Filter>Header Files\BMP</Filter>
    </ClInclude>
    <ClInclude Include="perlin.h">
      <Filter>Header Files</Filter>
    </ClInclude>
    <ClInclude Include="stubs.h">
      <Filter>Header Files</Filter>
    </ClInclude>
    <ClInclude Include="Cube.h">
      <Filter>Header Files</Filter>
    </ClInclude>
    <ClInclude Include="Sphere.h">
      <Filter>Header Files</Filter>
    </ClInclude>
    <ClInclude Include="Triangle.h">
      <Filter>Header Files</Filter>
    </ClInclude>
  </ItemGroup>
  <ItemGroup>
    <ClCompile Include="main.cpp">
      <Filter>Source Files</Filter>
    </ClCompile>
    <ClCompile Include="EasyBMP.cpp">
      <Filter>Source Files</Filter>
    </ClCompile>
    <ClCompile Include="VolumetricRendering.cpp">
      <Filter>Source Files</Filter>
    </ClCompile>
    <ClCompile Include="VoxelBuffer.cpp">
      <Filter>Source Files</Filter>
    </ClCompile>
    <ClCompile Include="perlin.cpp">
      <Filter>Source Files</Filter>
    </ClCompile>
    <ClCompile Include="stubs.cpp">
      <Filter>Source Files</Filter>
    </ClCompile>
  </ItemGroup>
  <ItemGroup>
    <Text Include="test1_old.txt">
      <Filter>Resource Files\old</Filter>
    </Text>
    <Text Include="test2_old.txt">
      <Filter>Resource Files\old</Filter>
    </Text>
    <Text Include="test3_old.txt">
      <Filter>Resource Files\old</Filter>
    </Text>
    <Text Include="test3.txt">
      <Filter>Resource Files\new</Filter>
    </Text>
    <Text Include="test2.txt">
      <Filter>Resource Files\new</Filter>
    </Text>
    <Text Include="test1.txt">
      <Filter>Resource Files\new</Filter>
    </Text>
    <Text Include="mine1.txt">
      <Filter>Resource Files\Mine</Filter>
    </Text>
    <Text Include="mine2.txt">
      <Filter>Resource Files\Mine</Filter>
    </Text>
    <Text Include="mine3.txt">
      <Filter>Resource Files\Mine</Filter>
    </Text>
    <Text Include="configfiles\cube003.txt">
      <Filter>Resource Files\18ConfigFiles</Filter>
    </Text>
    <Text Include="configfiles\cube111.txt">
      <Filter>Resource Files\18ConfigFiles</Filter>
    </Text>
    <Text Include="configfiles\cube-300.txt">
      <Filter>Resource Files\18ConfigFiles</Filter>
    </Text>
    <Text Include="configfiles\cubeT003.txt">
      <Filter>Resource Files\18ConfigFiles</Filter>
    </Text>
    <Text Include="configfiles\cubeT111.txt">
      <Filter>Resource Files\18ConfigFiles</Filter>
    </Text>
    <Text Include="configfiles\cubeT-300.txt">
      <Filter>Resource Files\18ConfigFiles</Filter>
    </Text>
    <Text Include="configfiles\sphere003.txt">
      <Filter>Resource Files\18ConfigFiles</Filter>
    </Text>
    <Text Include="configfiles\sphere111.txt">
      <Filter>Resource Files\18ConfigFiles</Filter>
    </Text>
    <Text Include="configfiles\sphere-300.txt">
      <Filter>Resource Files\18ConfigFiles</Filter>
    </Text>
    <Text Include="configfiles\sphereT003.txt">
      <Filter>Resource Files\18ConfigFiles</Filter>
    </Text>
    <Text Include="configfiles\sphereT111.txt">
      <Filter>Resource Files\18ConfigFiles</Filter>
    </Text>
    <Text Include="configfiles\sphereT-300.txt">
      <Filter>Resource Files\18ConfigFiles</Filter>
    </Text>
    <Text Include="configfiles\tri003.txt">
      <Filter>Resource Files\18ConfigFiles</Filter>
    </Text>
    <Text Include="configfiles\tri111.txt">
      <Filter>Resource Files\18ConfigFiles</Filter>
    </Text>
    <Text Include="configfiles\tri-300.txt">
      <Filter>Resource Files\18ConfigFiles</Filter>
    </Text>
    <Text Include="configfiles\triT003.txt">
      <Filter>Resource Files\18ConfigFiles</Filter>
    </Text>
    <Text Include="configfiles\triT111.txt">
      <Filter>Resource Files\18ConfigFiles</Filter>
    </Text>
    <Text Include="configfiles\triT-300.txt">
      <Filter>Resource Files\18ConfigFiles</Filter>
    </Text>
  </ItemGroup>
  <ItemGroup>
    <None Include="milestone4.frag">
      <Filter>Resource Files\oldShader</Filter>
    </None>
    <None Include="milestone4.vert">
      <Filter>Resource Files\oldShader</Filter>
    </None>
  </ItemGroup>
</Project>